<?xml version="1.0" encoding="utf-8"?>
<Project ToolsVersion="4.0" xmlns="http://schemas.microsoft.com/developer/msbuild/2003">
  <ItemGroup>
    <Filter Include="Containers">
      <UniqueIdentifier>{1eba50fe-bdff-4c23-9278-dca35d9e7fa2}</UniqueIdentifier>
    </Filter>
    <Filter Include="Defs">
      <UniqueIdentifier>{dc7b0ed0-121a-4aa4-9ff0-75b8534fda6a}</UniqueIdentifier>
    </Filter>
    <Filter Include="Math">
      <UniqueIdentifier>{56849ce7-7474-478a-8caf-7df4e2ed6718}</UniqueIdentifier>
    </Filter>
    <Filter Include="Utils">
      <UniqueIdentifier>{c59fe849-15bf-483e-82ce-e08dec532ace}</UniqueIdentifier>
    </Filter>
    <Filter Include="IO">
      <UniqueIdentifier>{71a4f9b0-ec8c-4162-ae3e-988a949cb042}</UniqueIdentifier>
    </Filter>
  </ItemGroup>
  <ItemGroup>
    <ClCompile Include="Core\assert.cpp">
      <Filter>Utils</Filter>
    </ClCompile>
    <ClCompile Include="Core\file.cpp">
      <Filter>IO</Filter>
    </ClCompile>
    <ClCompile Include="Core\perfCounter.cpp">
      <Filter>Utils</Filter>
    </ClCompile>
  </ItemGroup>
  <ItemGroup>
    <ClInclude Include="Core\dataWriter.h">
      <Filter>Containers</Filter>
    </ClInclude>
    <ClInclude Include="Core\deque.h">
      <Filter>Containers</Filter>
    </ClInclude>
    <ClInclude Include="Core\dynArray.h">
      <Filter>Containers</Filter>
    </ClInclude>
    <ClInclude Include="Core\dynBuffer.h">
      <Filter>Containers</Filter>
    </ClInclude>
    <ClInclude Include="Core\map.h">
      <Filter>Containers</Filter>
    </ClInclude>
    <ClInclude Include="Core\ptr.h">
      <Filter>Containers</Filter>
    </ClInclude>
    <ClInclude Include="Core\set.h">
      <Filter>Containers</Filter>
    </ClInclude>
    <ClInclude Include="Core\defs.h">
      <Filter>Defs</Filter>
    </ClInclude>
    <ClInclude Include="Core\types.h">
      <Filter>Defs</Filter>
    </ClInclude>
    <ClInclude Include="Core\vecTypes.h">
      <Filter>Math</Filter>
    </ClInclude>
    <ClInclude Include="Core\math.h">
      <Filter>Math</Filter>
    </ClInclude>
    <ClInclude Include="Core\memUtils.h">
      <Filter>Utils</Filter>
    </ClInclude>
    <ClInclude Include="Core\perfCounter.h">
      <Filter>Utils</Filter>
    </ClInclude>
    <ClInclude Include="Core\utils.h">
      <Filter>Utils</Filter>
    </ClInclude>
    <ClInclude Include="Core\assert.h">
      <Filter>Utils</Filter>
    </ClInclude>
    <ClInclude Include="Core\file.h">
      <Filter>IO</Filter>
    </ClInclude>
  </ItemGroup>
</Project>