<?xml version="1.0" encoding="utf-8"?>
<Project ToolsVersion="4.0" xmlns="http://schemas.microsoft.com/developer/msbuild/2003">
  <ItemGroup>
    <Filter Include="Containers">
      <UniqueIdentifier>{1eba50fe-bdff-4c23-9278-dca35d9e7fa2}</UniqueIdentifier>
    </Filter>
    <Filter Include="Math">
      <UniqueIdentifier>{56849ce7-7474-478a-8caf-7df4e2ed6718}</UniqueIdentifier>
    </Filter>
    <Filter Include="Utils">
      <UniqueIdentifier>{c59fe849-15bf-483e-82ce-e08dec532ace}</UniqueIdentifier>
    </Filter>
    <Filter Include="IO">
      <UniqueIdentifier>{71a4f9b0-ec8c-4162-ae3e-988a949cb042}</UniqueIdentifier>
    </Filter>
    <Filter Include="Globals">
      <UniqueIdentifier>{dc7b0ed0-121a-4aa4-9ff0-75b8534fda6a}</UniqueIdentifier>
    </Filter>
    <Filter Include="Nativs">
      <UniqueIdentifier>{9c5ad844-f15c-45eb-8f1f-5d45b8ac5404}</UniqueIdentifier>
    </Filter>
  </ItemGroup>
  <ItemGroup>
    <ClCompile Include="assert.cpp">
      <Filter>Utils</Filter>
    </ClCompile>
    <ClCompile Include="file.cpp">
      <Filter>IO</Filter>
    </ClCompile>
    <ClCompile Include="perfCounter.cpp">
      <Filter>Utils</Filter>
    </ClCompile>
    <ClCompile Include="vector.cpp">
      <Filter>Math</Filter>
    </ClCompile>
  </ItemGroup>
  <ItemGroup>
    <ClInclude Include="dataWriter.h">
      <Filter>Containers</Filter>
    </ClInclude>
    <ClInclude Include="deque.h">
      <Filter>Containers</Filter>
    </ClInclude>
    <ClInclude Include="dynArray.h">
      <Filter>Containers</Filter>
    </ClInclude>
    <ClInclude Include="dynBuffer.h">
      <Filter>Containers</Filter>
    </ClInclude>
    <ClInclude Include="map.h">
      <Filter>Containers</Filter>
    </ClInclude>
    <ClInclude Include="ptr.h">
      <Filter>Containers</Filter>
    </ClInclude>
    <ClInclude Include="set.h">
      <Filter>Containers</Filter>
    </ClInclude>
    <ClInclude Include="defs.h">
      <Filter>Globals</Filter>
    </ClInclude>
    <ClInclude Include="types.h">
      <Filter>Globals</Filter>
    </ClInclude>
    <ClInclude Include="math.h">
      <Filter>Math</Filter>
    </ClInclude>
    <ClInclude Include="memUtils.h">
      <Filter>Utils</Filter>
    </ClInclude>
    <ClInclude Include="perfCounter.h">
      <Filter>Utils</Filter>
    </ClInclude>
    <ClInclude Include="assert.h">
      <Filter>Utils</Filter>
    </ClInclude>
    <ClInclude Include="file.h">
      <Filter>IO</Filter>
    </ClInclude>
    <ClInclude Include="vector.h">
      <Filter>Math</Filter>
    </ClInclude>
    <ClInclude Include="helpers.h">
      <Filter>Globals</Filter>
    </ClInclude>
    <ClInclude Include="../orbital.h" />
    <ClInclude Include="matrix.h">
      <Filter>Math</Filter>
    </ClInclude>
  </ItemGroup>
  <ItemGroup>
    <Natvis Include="containers.natvis">
      <Filter>Nativs</Filter>
    </Natvis>
  </ItemGroup>
</Project>