<?xml version="1.0" encoding="utf-8"?>
<Project ToolsVersion="4.0" xmlns="http://schemas.microsoft.com/developer/msbuild/2003">
  <ItemGroup>
    <Filter Include="D3D">
      <UniqueIdentifier>{5cea75e9-aebd-4f97-89ae-615698a989d6}</UniqueIdentifier>
    </Filter>
    <Filter Include="Data">
      <UniqueIdentifier>{9b81dd22-4052-49d3-a1f7-7fe1fb716d67}</UniqueIdentifier>
    </Filter>
    <Filter Include="ShaderCache">
      <UniqueIdentifier>{a341907f-56ef-49bd-93ef-abd0a5ef5f0a}</UniqueIdentifier>
    </Filter>
  </ItemGroup>
  <ItemGroup>
    <ClCompile Include="d3d.cpp">
      <Filter>D3D</Filter>
    </ClCompile>
    <ClCompile Include="d3dPerfCounter.cpp">
      <Filter>D3D</Filter>
    </ClCompile>
    <ClCompile Include="image.cpp">
      <Filter>Data</Filter>
    </ClCompile>
    <ClCompile Include="shaderCache.cpp">
      <Filter>ShaderCache</Filter>
    </ClCompile>
    <ClCompile Include="pixelFormat.cpp">
      <Filter>Data</Filter>
    </ClCompile>
  </ItemGroup>
  <ItemGroup>
    <ClInclude Include="d3d.h">
      <Filter>D3D</Filter>
    </ClInclude>
    <ClInclude Include="d3dHelpers.h">
      <Filter>D3D</Filter>
    </ClInclude>
    <ClInclude Include="d3dPerfCounter.h">
      <Filter>D3D</Filter>
    </ClInclude>
    <ClInclude Include="image.h">
      <Filter>Data</Filter>
    </ClInclude>
    <ClInclude Include="shaderCache.h">
      <Filter>ShaderCache</Filter>
    </ClInclude>
    <ClInclude Include="pixelFormat.h">
      <Filter>Data</Filter>
    </ClInclude>
  </ItemGroup>
</Project>